
Microsoft Visual Studio Solution File, Format Version 12.00
# Visual Studio Version 17
VisualStudioVersion = 17.5.33530.505
MinimumVisualStudioVersion = 10.0.40219.1
Project("{9A19103F-16F7-4668-BE54-9A1E7A4F7556}") = "Entities", "Entities\Entities.csproj", "{18282DFD-BA01-4E5C-B8F3-C8680C8C1380}"
EndProject
Project("{9A19103F-16F7-4668-BE54-9A1E7A4F7556}") = "DataAccess", "DataAccess\DataAccess.csproj", "{F3D3D209-72B3-4B88-B381-557060E566A9}"
EndProject
Project("{9A19103F-16F7-4668-BE54-9A1E7A4F7556}") = "Business", "Business\Business.csproj", "{494BEFFF-A9F1-4035-B658-0A86A59AE66F}"
EndProject
Project("{9A19103F-16F7-4668-BE54-9A1E7A4F7556}") = "Core", "Core\Core.csproj", "{4C13BC1B-EAA6-4D3D-939D-53E00E973B13}"
EndProject
Global
	GlobalSection(SolutionConfigurationPlatforms) = preSolution
		Debug|Any CPU = Debug|Any CPU
		Release|Any CPU = Release|Any CPU
	EndGlobalSection
	GlobalSection(ProjectConfigurationPlatforms) = postSolution
		{18282DFD-BA01-4E5C-B8F3-C8680C8C1380}.Debug|Any CPU.ActiveCfg = Debug|Any CPU
		{18282DFD-BA01-4E5C-B8F3-C8680C8C1380}.Debug|Any CPU.Build.0 = Debug|Any CPU
		{18282DFD-BA01-4E5C-B8F3-C8680C8C1380}.Release|Any CPU.ActiveCfg = Release|Any CPU
		{18282DFD-BA01-4E5C-B8F3-C8680C8C1380}.Release|Any CPU.Build.0 = Release|Any CPU
		{F3D3D209-72B3-4B88-B381-557060E566A9}.Debug|Any CPU.ActiveCfg = Debug|Any CPU
		{F3D3D209-72B3-4B88-B381-557060E566A9}.Debug|Any CPU.Build.0 = Debug|Any CPU
		{F3D3D209-72B3-4B88-B381-557060E566A9}.Release|Any CPU.ActiveCfg = Release|Any CPU
		{F3D3D209-72B3-4B88-B381-557060E566A9}.Release|Any CPU.Build.0 = Release|Any CPU
		{494BEFFF-A9F1-4035-B658-0A86A59AE66F}.Debug|Any CPU.ActiveCfg = Debug|Any CPU
		{494BEFFF-A9F1-4035-B658-0A86A59AE66F}.Debug|Any CPU.Build.0 = Debug|Any CPU
		{494BEFFF-A9F1-4035-B658-0A86A59AE66F}.Release|Any CPU.ActiveCfg = Release|Any CPU
		{494BEFFF-A9F1-4035-B658-0A86A59AE66F}.Release|Any CPU.Build.0 = Release|Any CPU
		{4C13BC1B-EAA6-4D3D-939D-53E00E973B13}.Debug|Any CPU.ActiveCfg = Debug|Any CPU
		{4C13BC1B-EAA6-4D3D-939D-53E00E973B13}.Debug|Any CPU.Build.0 = Debug|Any CPU
		{4C13BC1B-EAA6-4D3D-939D-53E00E973B13}.Release|Any CPU.ActiveCfg = Release|Any CPU
		{4C13BC1B-EAA6-4D3D-939D-53E00E973B13}.Release|Any CPU.Build.0 = Release|Any CPU
	EndGlobalSection
	GlobalSection(SolutionProperties) = preSolution
		HideSolutionNode = FALSE
	EndGlobalSection
	GlobalSection(ExtensibilityGlobals) = postSolution
		SolutionGuid = {B44B1FC5-6B71-4A17-A272-E0593F921235}
	EndGlobalSection
EndGlobal
